{
  "name": "test",
  "lockfileVersion": 3,
  "requires": true,
  "packages": {
    "": {
      "dependencies": {
        "date-sorter": "^1.0.6"
      }
    },
    "node_modules/date-sorter": {
      "version": "1.0.6",
      "resolved": "https://registry.npmjs.org/date-sorter/-/date-sorter-1.0.6.tgz",
      "integrity": "sha512-ZkjHLUrwATTRiDwpPFJ8kvH9WLA7Xz1zwGZ8v4WO9ukurUCyaaVfg1D816z0pSM2DxOZsLNmAHlyQAwsS/AJZg==",
      "dependencies": {
        "date-sorter": "^1.0.3"
      }
    }
  }
}
