{
  "name": "test",
  "lockfileVersion": 3,
  "requires": true,
  "packages": {
    "": {
      "dependencies": {
        "date-sorter": "^1.0.9"
      }
    },
    "node_modules/date-sorter": {
      "version": "1.0.9",
      "resolved": "https://registry.npmjs.org/date-sorter/-/date-sorter-1.0.9.tgz",
      "integrity": "sha512-sLBmssfQz2oyP2P5z0aq0md3VCecNzMhSXP4e/W9jF8IN8DGNObbBgzgAAkd0wub7zcy30NMj0ZAWqSXnBi4KA==",
      "dependencies": {
        "date-sorter": "^1.0.3"
      }
    }
  }
}
