{
  "name": "date-sorter",
  "version": "1.0.6",
  "lockfileVersion": 3,
  "requires": true,
  "packages": {
    "": {
      "name": "date-sorter",
      "version": "1.0.6",
      "license": "MIT",
      "dependencies": {
        "date-sorter": "^1.0.3"
      }
    },
    "node_modules/date-sorter": {
      "version": "1.0.3",
      "resolved": "https://registry.npmjs.org/date-sorter/-/date-sorter-1.0.3.tgz",
      "integrity": "sha512-O3zVDdnWId+6LmgAilhiWq/GyVNbvkfC9rFLrv32OXx/4iGDnGNbvPuHvR+Mj0g3AzPDIZCHCCGJKASX1VYLCg=="
    }
  }
}
